<?xml version="1.0" encoding="utf-8"?>
<Project ToolsVersion="4.0" xmlns="http://schemas.microsoft.com/developer/msbuild/2003">
  <ItemGroup>
    <Filter Include="Source Files">
      <UniqueIdentifier>{4FC737F1-C7A5-4376-A066-2A32D752A2FF}</UniqueIdentifier>
      <Extensions>cpp;c;cc;cxx;def;odl;idl;hpj;bat;asm;asmx</Extensions>
    </Filter>
    <Filter Include="Header Files">
      <UniqueIdentifier>{93995380-89BD-4b04-88EB-625FBE52EBFB}</UniqueIdentifier>
      <Extensions>h;hh;hpp;hxx;hm;inl;inc;xsd</Extensions>
    </Filter>
    <Filter Include="Shaders">
      <UniqueIdentifier>{2bad02e8-ae2a-4375-bd42-eb2de9e97cc4}</UniqueIdentifier>
    </Filter>
    <Filter Include="Header Files\GGGraphics">
      <UniqueIdentifier>{70ca7caa-5eb7-4082-8948-cbac04caffb0}</UniqueIdentifier>
    </Filter>
    <Filter Include="Source Files\GGGraphics">
      <UniqueIdentifier>{50d04586-6b74-4f39-b07a-76d18659df55}</UniqueIdentifier>
    </Filter>
  </ItemGroup>
  <ItemGroup>
    <ClCompile Include="GreatGine.cpp">
      <Filter>Source Files</Filter>
    </ClCompile>
    <ClCompile Include="GGApplication.cpp">
      <Filter>Source Files</Filter>
    </ClCompile>
    <ClCompile Include="GGGraphics.cpp">
      <Filter>Source Files</Filter>
    </ClCompile>
    <ClCompile Include="GGRenderer.cpp">
      <Filter>Source Files\GGGraphics</Filter>
    </ClCompile>
    <ClCompile Include="GGMesh.cpp">
      <Filter>Source Files\GGGraphics</Filter>
    </ClCompile>
    <ClCompile Include="GGShader.cpp">
      <Filter>Source Files\GGGraphics</Filter>
    </ClCompile>
    <ClCompile Include="GGCamera.cpp">
      <Filter>Source Files\GGGraphics</Filter>
    </ClCompile>
    <ClCompile Include="GGInput.cpp">
      <Filter>Source Files</Filter>
    </ClCompile>
    <ClCompile Include="GGFreeView.cpp">
      <Filter>Source Files</Filter>
    </ClCompile>
  </ItemGroup>
  <ItemGroup>
    <ClInclude Include="GGApplication.h">
      <Filter>Header Files</Filter>
    </ClInclude>
    <ClInclude Include="GGGraphics.h">
      <Filter>Header Files</Filter>
    </ClInclude>
    <ClInclude Include="GGRenderer.h">
      <Filter>Header Files\GGGraphics</Filter>
    </ClInclude>
    <ClInclude Include="GGMesh.h">
      <Filter>Header Files\GGGraphics</Filter>
    </ClInclude>
    <ClInclude Include="GGShader.h">
      <Filter>Header Files\GGGraphics</Filter>
    </ClInclude>
    <ClInclude Include="GGCamera.h">
      <Filter>Header Files\GGGraphics</Filter>
    </ClInclude>
    <ClInclude Include="GGInput.h">
      <Filter>Header Files</Filter>
    </ClInclude>
    <ClInclude Include="GGFreeView.h">
      <Filter>Header Files\GGGraphics</Filter>
    </ClInclude>
  </ItemGroup>
  <ItemGroup>
    <FxCompile Include="VertexShader.hlsl">
      <Filter>Shaders</Filter>
    </FxCompile>
    <FxCompile Include="PixelShader.hlsl">
      <Filter>Shaders</Filter>
    </FxCompile>
  </ItemGroup>
</Project>